
Microsoft Visual Studio Solution File, Format Version 12.00
# Visual Studio 14
VisualStudioVersion = 14.0.25420.1
MinimumVisualStudioVersion = 10.0.40219.1
Project("{FAE04EC0-301F-11D3-BF4B-00C04F79EFBC}") = "DotNetClassLibrary", "DotNetClassLibrary\DotNetClassLibrary.csproj", "{F35AEDAC-6DB7-4527-BA6E-BBB319FC57FC}"
EndProject
Project("{FAE04EC0-301F-11D3-BF4B-00C04F79EFBC}") = "DotNetUnitTest", "DotNetUnitTest\DotNetUnitTest.csproj", "{D1217A05-DB21-482E-9AD2-AEF5B9C9B62C}"
EndProject
Project("{FAE04EC0-301F-11D3-BF4B-00C04F79EFBC}") = "DotNetWpfApp", "DotNetWpfApp\DotNetWpfApp.csproj", "{3DEDD3EC-5952-4DB0-96F5-F06D0DB72A63}"
EndProject
Project("{FAE04EC0-301F-11D3-BF4B-00C04F79EFBC}") = "DotNetWcfApp", "DotNetWcfApp\DotNetWcfApp.csproj", "{F65EE118-21B3-406F-ABD1-70E0351BDF37}"
EndProject
Project("{FAE04EC0-301F-11D3-BF4B-00C04F79EFBC}") = "DotNetAspApp", "DotNetAspApp\DotNetAspApp.csproj", "{19DB3FC6-6CF1-45CF-B5B2-BA009B18B14D}"
EndProject
Project("{FAE04EC0-301F-11D3-BF4B-00C04F79EFBC}") = "DotNetConsole", "DotNetConsole\DotNetConsole.csproj", "{274178C2-080A-435A-B596-DC9846B9A182}"
EndProject
Project("{FAE04EC0-301F-11D3-BF4B-00C04F79EFBC}") = "BusinnessLayer", "BusinnessLayer\BusinnessLayer.csproj", "{C1C20B86-796C-4610-84E6-99E8D8041AED}"
EndProject
Project("{FAE04EC0-301F-11D3-BF4B-00C04F79EFBC}") = "WcfService1", "WcfService1\WcfService1.csproj", "{AA75CAE4-FFA6-4344-BD24-A8B9BC9B47F5}"
EndProject
Project("{FAE04EC0-301F-11D3-BF4B-00C04F79EFBC}") = "MVC", "MVC\MVC.csproj", "{710FE746-D5FD-4F48-B92B-4F4B73202160}"
EndProject
Project("{FAE04EC0-301F-11D3-BF4B-00C04F79EFBC}") = "Solution", "Solution\Solution.csproj", "{4237A50E-F2A9-4DBE-AB60-BF00FC4245A2}"
EndProject
Global
	GlobalSection(SolutionConfigurationPlatforms) = preSolution
		Debug|Any CPU = Debug|Any CPU
		Debug|ARM = Debug|ARM
		Debug|x64 = Debug|x64
		Debug|x86 = Debug|x86
		Release|Any CPU = Release|Any CPU
		Release|ARM = Release|ARM
		Release|x64 = Release|x64
		Release|x86 = Release|x86
	EndGlobalSection
	GlobalSection(ProjectConfigurationPlatforms) = postSolution
		{F35AEDAC-6DB7-4527-BA6E-BBB319FC57FC}.Debug|Any CPU.ActiveCfg = Debug|Any CPU
		{F35AEDAC-6DB7-4527-BA6E-BBB319FC57FC}.Debug|Any CPU.Build.0 = Debug|Any CPU
		{F35AEDAC-6DB7-4527-BA6E-BBB319FC57FC}.Debug|ARM.ActiveCfg = Debug|Any CPU
		{F35AEDAC-6DB7-4527-BA6E-BBB319FC57FC}.Debug|ARM.Build.0 = Debug|Any CPU
		{F35AEDAC-6DB7-4527-BA6E-BBB319FC57FC}.Debug|x64.ActiveCfg = Debug|Any CPU
		{F35AEDAC-6DB7-4527-BA6E-BBB319FC57FC}.Debug|x64.Build.0 = Debug|Any CPU
		{F35AEDAC-6DB7-4527-BA6E-BBB319FC57FC}.Debug|x86.ActiveCfg = Debug|Any CPU
		{F35AEDAC-6DB7-4527-BA6E-BBB319FC57FC}.Debug|x86.Build.0 = Debug|Any CPU
		{F35AEDAC-6DB7-4527-BA6E-BBB319FC57FC}.Release|Any CPU.ActiveCfg = Release|Any CPU
		{F35AEDAC-6DB7-4527-BA6E-BBB319FC57FC}.Release|Any CPU.Build.0 = Release|Any CPU
		{F35AEDAC-6DB7-4527-BA6E-BBB319FC57FC}.Release|ARM.ActiveCfg = Release|Any CPU
		{F35AEDAC-6DB7-4527-BA6E-BBB319FC57FC}.Release|ARM.Build.0 = Release|Any CPU
		{F35AEDAC-6DB7-4527-BA6E-BBB319FC57FC}.Release|x64.ActiveCfg = Release|Any CPU
		{F35AEDAC-6DB7-4527-BA6E-BBB319FC57FC}.Release|x64.Build.0 = Release|Any CPU
		{F35AEDAC-6DB7-4527-BA6E-BBB319FC57FC}.Release|x86.ActiveCfg = Release|Any CPU
		{F35AEDAC-6DB7-4527-BA6E-BBB319FC57FC}.Release|x86.Build.0 = Release|Any CPU
		{D1217A05-DB21-482E-9AD2-AEF5B9C9B62C}.Debug|Any CPU.ActiveCfg = Debug|Any CPU
		{D1217A05-DB21-482E-9AD2-AEF5B9C9B62C}.Debug|Any CPU.Build.0 = Debug|Any CPU
		{D1217A05-DB21-482E-9AD2-AEF5B9C9B62C}.Debug|ARM.ActiveCfg = Debug|Any CPU
		{D1217A05-DB21-482E-9AD2-AEF5B9C9B62C}.Debug|ARM.Build.0 = Debug|Any CPU
		{D1217A05-DB21-482E-9AD2-AEF5B9C9B62C}.Debug|x64.ActiveCfg = Debug|Any CPU
		{D1217A05-DB21-482E-9AD2-AEF5B9C9B62C}.Debug|x64.Build.0 = Debug|Any CPU
		{D1217A05-DB21-482E-9AD2-AEF5B9C9B62C}.Debug|x86.ActiveCfg = Debug|Any CPU
		{D1217A05-DB21-482E-9AD2-AEF5B9C9B62C}.Debug|x86.Build.0 = Debug|Any CPU
		{D1217A05-DB21-482E-9AD2-AEF5B9C9B62C}.Release|Any CPU.ActiveCfg = Release|Any CPU
		{D1217A05-DB21-482E-9AD2-AEF5B9C9B62C}.Release|Any CPU.Build.0 = Release|Any CPU
		{D1217A05-DB21-482E-9AD2-AEF5B9C9B62C}.Release|ARM.ActiveCfg = Release|Any CPU
		{D1217A05-DB21-482E-9AD2-AEF5B9C9B62C}.Release|ARM.Build.0 = Release|Any CPU
		{D1217A05-DB21-482E-9AD2-AEF5B9C9B62C}.Release|x64.ActiveCfg = Release|Any CPU
		{D1217A05-DB21-482E-9AD2-AEF5B9C9B62C}.Release|x64.Build.0 = Release|Any CPU
		{D1217A05-DB21-482E-9AD2-AEF5B9C9B62C}.Release|x86.ActiveCfg = Release|Any CPU
		{D1217A05-DB21-482E-9AD2-AEF5B9C9B62C}.Release|x86.Build.0 = Release|Any CPU
		{3DEDD3EC-5952-4DB0-96F5-F06D0DB72A63}.Debug|Any CPU.ActiveCfg = Debug|Any CPU
		{3DEDD3EC-5952-4DB0-96F5-F06D0DB72A63}.Debug|Any CPU.Build.0 = Debug|Any CPU
		{3DEDD3EC-5952-4DB0-96F5-F06D0DB72A63}.Debug|ARM.ActiveCfg = Debug|Any CPU
		{3DEDD3EC-5952-4DB0-96F5-F06D0DB72A63}.Debug|ARM.Build.0 = Debug|Any CPU
		{3DEDD3EC-5952-4DB0-96F5-F06D0DB72A63}.Debug|x64.ActiveCfg = Debug|Any CPU
		{3DEDD3EC-5952-4DB0-96F5-F06D0DB72A63}.Debug|x64.Build.0 = Debug|Any CPU
		{3DEDD3EC-5952-4DB0-96F5-F06D0DB72A63}.Debug|x86.ActiveCfg = Debug|Any CPU
		{3DEDD3EC-5952-4DB0-96F5-F06D0DB72A63}.Debug|x86.Build.0 = Debug|Any CPU
		{3DEDD3EC-5952-4DB0-96F5-F06D0DB72A63}.Release|Any CPU.ActiveCfg = Release|Any CPU
		{3DEDD3EC-5952-4DB0-96F5-F06D0DB72A63}.Release|Any CPU.Build.0 = Release|Any CPU
		{3DEDD3EC-5952-4DB0-96F5-F06D0DB72A63}.Release|ARM.ActiveCfg = Release|Any CPU
		{3DEDD3EC-5952-4DB0-96F5-F06D0DB72A63}.Release|ARM.Build.0 = Release|Any CPU
		{3DEDD3EC-5952-4DB0-96F5-F06D0DB72A63}.Release|x64.ActiveCfg = Release|Any CPU
		{3DEDD3EC-5952-4DB0-96F5-F06D0DB72A63}.Release|x64.Build.0 = Release|Any CPU
		{3DEDD3EC-5952-4DB0-96F5-F06D0DB72A63}.Release|x86.ActiveCfg = Release|Any CPU
		{3DEDD3EC-5952-4DB0-96F5-F06D0DB72A63}.Release|x86.Build.0 = Release|Any CPU
		{F65EE118-21B3-406F-ABD1-70E0351BDF37}.Debug|Any CPU.ActiveCfg = Debug|Any CPU
		{F65EE118-21B3-406F-ABD1-70E0351BDF37}.Debug|Any CPU.Build.0 = Debug|Any CPU
		{F65EE118-21B3-406F-ABD1-70E0351BDF37}.Debug|ARM.ActiveCfg = Debug|Any CPU
		{F65EE118-21B3-406F-ABD1-70E0351BDF37}.Debug|ARM.Build.0 = Debug|Any CPU
		{F65EE118-21B3-406F-ABD1-70E0351BDF37}.Debug|x64.ActiveCfg = Debug|Any CPU
		{F65EE118-21B3-406F-ABD1-70E0351BDF37}.Debug|x64.Build.0 = Debug|Any CPU
		{F65EE118-21B3-406F-ABD1-70E0351BDF37}.Debug|x86.ActiveCfg = Debug|Any CPU
		{F65EE118-21B3-406F-ABD1-70E0351BDF37}.Debug|x86.Build.0 = Debug|Any CPU
		{F65EE118-21B3-406F-ABD1-70E0351BDF37}.Release|Any CPU.ActiveCfg = Release|Any CPU
		{F65EE118-21B3-406F-ABD1-70E0351BDF37}.Release|Any CPU.Build.0 = Release|Any CPU
		{F65EE118-21B3-406F-ABD1-70E0351BDF37}.Release|ARM.ActiveCfg = Release|Any CPU
		{F65EE118-21B3-406F-ABD1-70E0351BDF37}.Release|ARM.Build.0 = Release|Any CPU
		{F65EE118-21B3-406F-ABD1-70E0351BDF37}.Release|x64.ActiveCfg = Release|Any CPU
		{F65EE118-21B3-406F-ABD1-70E0351BDF37}.Release|x64.Build.0 = Release|Any CPU
		{F65EE118-21B3-406F-ABD1-70E0351BDF37}.Release|x86.ActiveCfg = Release|Any CPU
		{F65EE118-21B3-406F-ABD1-70E0351BDF37}.Release|x86.Build.0 = Release|Any CPU
		{19DB3FC6-6CF1-45CF-B5B2-BA009B18B14D}.Debug|Any CPU.ActiveCfg = Debug|Any CPU
		{19DB3FC6-6CF1-45CF-B5B2-BA009B18B14D}.Debug|Any CPU.Build.0 = Debug|Any CPU
		{19DB3FC6-6CF1-45CF-B5B2-BA009B18B14D}.Debug|ARM.ActiveCfg = Debug|Any CPU
		{19DB3FC6-6CF1-45CF-B5B2-BA009B18B14D}.Debug|ARM.Build.0 = Debug|Any CPU
		{19DB3FC6-6CF1-45CF-B5B2-BA009B18B14D}.Debug|x64.ActiveCfg = Debug|Any CPU
		{19DB3FC6-6CF1-45CF-B5B2-BA009B18B14D}.Debug|x64.Build.0 = Debug|Any CPU
		{19DB3FC6-6CF1-45CF-B5B2-BA009B18B14D}.Debug|x86.ActiveCfg = Debug|Any CPU
		{19DB3FC6-6CF1-45CF-B5B2-BA009B18B14D}.Debug|x86.Build.0 = Debug|Any CPU
		{19DB3FC6-6CF1-45CF-B5B2-BA009B18B14D}.Release|Any CPU.ActiveCfg = Release|Any CPU
		{19DB3FC6-6CF1-45CF-B5B2-BA009B18B14D}.Release|Any CPU.Build.0 = Release|Any CPU
		{19DB3FC6-6CF1-45CF-B5B2-BA009B18B14D}.Release|ARM.ActiveCfg = Release|Any CPU
		{19DB3FC6-6CF1-45CF-B5B2-BA009B18B14D}.Release|ARM.Build.0 = Release|Any CPU
		{19DB3FC6-6CF1-45CF-B5B2-BA009B18B14D}.Release|x64.ActiveCfg = Release|Any CPU
		{19DB3FC6-6CF1-45CF-B5B2-BA009B18B14D}.Release|x64.Build.0 = Release|Any CPU
		{19DB3FC6-6CF1-45CF-B5B2-BA009B18B14D}.Release|x86.ActiveCfg = Release|Any CPU
		{19DB3FC6-6CF1-45CF-B5B2-BA009B18B14D}.Release|x86.Build.0 = Release|Any CPU
		{274178C2-080A-435A-B596-DC9846B9A182}.Debug|Any CPU.ActiveCfg = Debug|Any CPU
		{274178C2-080A-435A-B596-DC9846B9A182}.Debug|Any CPU.Build.0 = Debug|Any CPU
		{274178C2-080A-435A-B596-DC9846B9A182}.Debug|ARM.ActiveCfg = Debug|Any CPU
		{274178C2-080A-435A-B596-DC9846B9A182}.Debug|ARM.Build.0 = Debug|Any CPU
		{274178C2-080A-435A-B596-DC9846B9A182}.Debug|x64.ActiveCfg = Debug|Any CPU
		{274178C2-080A-435A-B596-DC9846B9A182}.Debug|x64.Build.0 = Debug|Any CPU
		{274178C2-080A-435A-B596-DC9846B9A182}.Debug|x86.ActiveCfg = Debug|Any CPU
		{274178C2-080A-435A-B596-DC9846B9A182}.Debug|x86.Build.0 = Debug|Any CPU
		{274178C2-080A-435A-B596-DC9846B9A182}.Release|Any CPU.ActiveCfg = Release|Any CPU
		{274178C2-080A-435A-B596-DC9846B9A182}.Release|Any CPU.Build.0 = Release|Any CPU
		{274178C2-080A-435A-B596-DC9846B9A182}.Release|ARM.ActiveCfg = Release|Any CPU
		{274178C2-080A-435A-B596-DC9846B9A182}.Release|ARM.Build.0 = Release|Any CPU
		{274178C2-080A-435A-B596-DC9846B9A182}.Release|x64.ActiveCfg = Release|Any CPU
		{274178C2-080A-435A-B596-DC9846B9A182}.Release|x64.Build.0 = Release|Any CPU
		{274178C2-080A-435A-B596-DC9846B9A182}.Release|x86.ActiveCfg = Release|Any CPU
		{274178C2-080A-435A-B596-DC9846B9A182}.Release|x86.Build.0 = Release|Any CPU
		{C1C20B86-796C-4610-84E6-99E8D8041AED}.Debug|Any CPU.ActiveCfg = Debug|Any CPU
		{C1C20B86-796C-4610-84E6-99E8D8041AED}.Debug|Any CPU.Build.0 = Debug|Any CPU
		{C1C20B86-796C-4610-84E6-99E8D8041AED}.Debug|ARM.ActiveCfg = Debug|Any CPU
		{C1C20B86-796C-4610-84E6-99E8D8041AED}.Debug|ARM.Build.0 = Debug|Any CPU
		{C1C20B86-796C-4610-84E6-99E8D8041AED}.Debug|x64.ActiveCfg = Debug|Any CPU
		{C1C20B86-796C-4610-84E6-99E8D8041AED}.Debug|x64.Build.0 = Debug|Any CPU
		{C1C20B86-796C-4610-84E6-99E8D8041AED}.Debug|x86.ActiveCfg = Debug|Any CPU
		{C1C20B86-796C-4610-84E6-99E8D8041AED}.Debug|x86.Build.0 = Debug|Any CPU
		{C1C20B86-796C-4610-84E6-99E8D8041AED}.Release|Any CPU.ActiveCfg = Release|Any CPU
		{C1C20B86-796C-4610-84E6-99E8D8041AED}.Release|Any CPU.Build.0 = Release|Any CPU
		{C1C20B86-796C-4610-84E6-99E8D8041AED}.Release|ARM.ActiveCfg = Release|Any CPU
		{C1C20B86-796C-4610-84E6-99E8D8041AED}.Release|ARM.Build.0 = Release|Any CPU
		{C1C20B86-796C-4610-84E6-99E8D8041AED}.Release|x64.ActiveCfg = Release|Any CPU
		{C1C20B86-796C-4610-84E6-99E8D8041AED}.Release|x64.Build.0 = Release|Any CPU
		{C1C20B86-796C-4610-84E6-99E8D8041AED}.Release|x86.ActiveCfg = Release|Any CPU
		{C1C20B86-796C-4610-84E6-99E8D8041AED}.Release|x86.Build.0 = Release|Any CPU
		{AA75CAE4-FFA6-4344-BD24-A8B9BC9B47F5}.Debug|Any CPU.ActiveCfg = Debug|Any CPU
		{AA75CAE4-FFA6-4344-BD24-A8B9BC9B47F5}.Debug|Any CPU.Build.0 = Debug|Any CPU
		{AA75CAE4-FFA6-4344-BD24-A8B9BC9B47F5}.Debug|ARM.ActiveCfg = Debug|Any CPU
		{AA75CAE4-FFA6-4344-BD24-A8B9BC9B47F5}.Debug|ARM.Build.0 = Debug|Any CPU
		{AA75CAE4-FFA6-4344-BD24-A8B9BC9B47F5}.Debug|x64.ActiveCfg = Debug|Any CPU
		{AA75CAE4-FFA6-4344-BD24-A8B9BC9B47F5}.Debug|x64.Build.0 = Debug|Any CPU
		{AA75CAE4-FFA6-4344-BD24-A8B9BC9B47F5}.Debug|x86.ActiveCfg = Debug|Any CPU
		{AA75CAE4-FFA6-4344-BD24-A8B9BC9B47F5}.Debug|x86.Build.0 = Debug|Any CPU
		{AA75CAE4-FFA6-4344-BD24-A8B9BC9B47F5}.Release|Any CPU.ActiveCfg = Release|Any CPU
		{AA75CAE4-FFA6-4344-BD24-A8B9BC9B47F5}.Release|Any CPU.Build.0 = Release|Any CPU
		{AA75CAE4-FFA6-4344-BD24-A8B9BC9B47F5}.Release|ARM.ActiveCfg = Release|Any CPU
		{AA75CAE4-FFA6-4344-BD24-A8B9BC9B47F5}.Release|ARM.Build.0 = Release|Any CPU
		{AA75CAE4-FFA6-4344-BD24-A8B9BC9B47F5}.Release|x64.ActiveCfg = Release|Any CPU
		{AA75CAE4-FFA6-4344-BD24-A8B9BC9B47F5}.Release|x64.Build.0 = Release|Any CPU
		{AA75CAE4-FFA6-4344-BD24-A8B9BC9B47F5}.Release|x86.ActiveCfg = Release|Any CPU
		{AA75CAE4-FFA6-4344-BD24-A8B9BC9B47F5}.Release|x86.Build.0 = Release|Any CPU
		{710FE746-D5FD-4F48-B92B-4F4B73202160}.Debug|Any CPU.ActiveCfg = Debug|Any CPU
		{710FE746-D5FD-4F48-B92B-4F4B73202160}.Debug|Any CPU.Build.0 = Debug|Any CPU
		{710FE746-D5FD-4F48-B92B-4F4B73202160}.Debug|ARM.ActiveCfg = Debug|Any CPU
		{710FE746-D5FD-4F48-B92B-4F4B73202160}.Debug|ARM.Build.0 = Debug|Any CPU
		{710FE746-D5FD-4F48-B92B-4F4B73202160}.Debug|x64.ActiveCfg = Debug|Any CPU
		{710FE746-D5FD-4F48-B92B-4F4B73202160}.Debug|x64.Build.0 = Debug|Any CPU
		{710FE746-D5FD-4F48-B92B-4F4B73202160}.Debug|x86.ActiveCfg = Debug|Any CPU
		{710FE746-D5FD-4F48-B92B-4F4B73202160}.Debug|x86.Build.0 = Debug|Any CPU
		{710FE746-D5FD-4F48-B92B-4F4B73202160}.Release|Any CPU.ActiveCfg = Release|Any CPU
		{710FE746-D5FD-4F48-B92B-4F4B73202160}.Release|Any CPU.Build.0 = Release|Any CPU
		{710FE746-D5FD-4F48-B92B-4F4B73202160}.Release|ARM.ActiveCfg = Release|Any CPU
		{710FE746-D5FD-4F48-B92B-4F4B73202160}.Release|ARM.Build.0 = Release|Any CPU
		{710FE746-D5FD-4F48-B92B-4F4B73202160}.Release|x64.ActiveCfg = Release|Any CPU
		{710FE746-D5FD-4F48-B92B-4F4B73202160}.Release|x64.Build.0 = Release|Any CPU
		{710FE746-D5FD-4F48-B92B-4F4B73202160}.Release|x86.ActiveCfg = Release|Any CPU
		{710FE746-D5FD-4F48-B92B-4F4B73202160}.Release|x86.Build.0 = Release|Any CPU
		{4237A50E-F2A9-4DBE-AB60-BF00FC4245A2}.Debug|Any CPU.ActiveCfg = Debug|x86
		{4237A50E-F2A9-4DBE-AB60-BF00FC4245A2}.Debug|ARM.ActiveCfg = Debug|ARM
		{4237A50E-F2A9-4DBE-AB60-BF00FC4245A2}.Debug|ARM.Build.0 = Debug|ARM
		{4237A50E-F2A9-4DBE-AB60-BF00FC4245A2}.Debug|ARM.Deploy.0 = Debug|ARM
		{4237A50E-F2A9-4DBE-AB60-BF00FC4245A2}.Debug|x64.ActiveCfg = Debug|x64
		{4237A50E-F2A9-4DBE-AB60-BF00FC4245A2}.Debug|x64.Build.0 = Debug|x64
		{4237A50E-F2A9-4DBE-AB60-BF00FC4245A2}.Debug|x64.Deploy.0 = Debug|x64
		{4237A50E-F2A9-4DBE-AB60-BF00FC4245A2}.Debug|x86.ActiveCfg = Debug|x86
		{4237A50E-F2A9-4DBE-AB60-BF00FC4245A2}.Debug|x86.Build.0 = Debug|x86
		{4237A50E-F2A9-4DBE-AB60-BF00FC4245A2}.Debug|x86.Deploy.0 = Debug|x86
		{4237A50E-F2A9-4DBE-AB60-BF00FC4245A2}.Release|Any CPU.ActiveCfg = Release|x86
		{4237A50E-F2A9-4DBE-AB60-BF00FC4245A2}.Release|ARM.ActiveCfg = Release|ARM
		{4237A50E-F2A9-4DBE-AB60-BF00FC4245A2}.Release|ARM.Build.0 = Release|ARM
		{4237A50E-F2A9-4DBE-AB60-BF00FC4245A2}.Release|ARM.Deploy.0 = Release|ARM
		{4237A50E-F2A9-4DBE-AB60-BF00FC4245A2}.Release|x64.ActiveCfg = Release|x64
		{4237A50E-F2A9-4DBE-AB60-BF00FC4245A2}.Release|x64.Build.0 = Release|x64
		{4237A50E-F2A9-4DBE-AB60-BF00FC4245A2}.Release|x64.Deploy.0 = Release|x64
		{4237A50E-F2A9-4DBE-AB60-BF00FC4245A2}.Release|x86.ActiveCfg = Release|x86
		{4237A50E-F2A9-4DBE-AB60-BF00FC4245A2}.Release|x86.Build.0 = Release|x86
		{4237A50E-F2A9-4DBE-AB60-BF00FC4245A2}.Release|x86.Deploy.0 = Release|x86
	EndGlobalSection
	GlobalSection(SolutionProperties) = preSolution
		HideSolutionNode = FALSE
	EndGlobalSection
EndGlobal
